
Microsoft Visual Studio Solution File, Format Version 12.00
# Visual Studio Version 17
VisualStudioVersion = 17.3.32929.385
MinimumVisualStudioVersion = 10.0.40219.1
Project("{9A19103F-16F7-4668-BE54-9A1E7A4F7556}") = "TestProject2", "TestProject2\TestProject2.csproj", "{9F514850-B134-4406-9AAA-904546C98887}"
EndProject
Project("{9A19103F-16F7-4668-BE54-9A1E7A4F7556}") = "Functional Testing1", "Functional Testing1\Functional Testing1.csproj", "{3E4384B0-2E21-4D62-A3AD-700E5C4580F7}"
EndProject
Project("{FAE04EC0-301F-11D3-BF4B-00C04F79EFBC}") = "CSharpSelFramework1", "CSharpSelFramework1\CSharpSelFramework1.csproj", "{7B3246FB-45ED-4DC5-8EE4-CBB1A162F82C}"
EndProject
Global
	GlobalSection(SolutionConfigurationPlatforms) = preSolution
		Debug|Any CPU = Debug|Any CPU
		Release|Any CPU = Release|Any CPU
	EndGlobalSection
	GlobalSection(ProjectConfigurationPlatforms) = postSolution
		{9F514850-B134-4406-9AAA-904546C98887}.Debug|Any CPU.ActiveCfg = Debug|Any CPU
		{9F514850-B134-4406-9AAA-904546C98887}.Debug|Any CPU.Build.0 = Debug|Any CPU
		{9F514850-B134-4406-9AAA-904546C98887}.Release|Any CPU.ActiveCfg = Release|Any CPU
		{9F514850-B134-4406-9AAA-904546C98887}.Release|Any CPU.Build.0 = Release|Any CPU
		{3E4384B0-2E21-4D62-A3AD-700E5C4580F7}.Debug|Any CPU.ActiveCfg = Debug|Any CPU
		{3E4384B0-2E21-4D62-A3AD-700E5C4580F7}.Debug|Any CPU.Build.0 = Debug|Any CPU
		{3E4384B0-2E21-4D62-A3AD-700E5C4580F7}.Release|Any CPU.ActiveCfg = Release|Any CPU
		{3E4384B0-2E21-4D62-A3AD-700E5C4580F7}.Release|Any CPU.Build.0 = Release|Any CPU
		{7B3246FB-45ED-4DC5-8EE4-CBB1A162F82C}.Debug|Any CPU.ActiveCfg = Debug|Any CPU
		{7B3246FB-45ED-4DC5-8EE4-CBB1A162F82C}.Debug|Any CPU.Build.0 = Debug|Any CPU
		{7B3246FB-45ED-4DC5-8EE4-CBB1A162F82C}.Release|Any CPU.ActiveCfg = Release|Any CPU
		{7B3246FB-45ED-4DC5-8EE4-CBB1A162F82C}.Release|Any CPU.Build.0 = Release|Any CPU
	EndGlobalSection
	GlobalSection(SolutionProperties) = preSolution
		HideSolutionNode = FALSE
	EndGlobalSection
	GlobalSection(ExtensibilityGlobals) = postSolution
		SolutionGuid = {738D53B8-62B7-4CA6-9A17-CAD53AD42071}
	EndGlobalSection
EndGlobal
